
Microsoft Visual Studio Solution File, Format Version 12.00
# Visual Studio Version 17
VisualStudioVersion = 17.0.31919.166
MinimumVisualStudioVersion = 10.0.40219.1
Project("{FAE04EC0-301F-11D3-BF4B-00C04F79EFBC}") = "SmokeBasin", "SmokeBasin.csproj", "{D0092027-0850-4CBB-AD66-48608D71AE9F}"
EndProject
Project("{FAE04EC0-301F-11D3-BF4B-00C04F79EFBC}") = "SmokeBasinTests", "..\SmokeBasinTests\SmokeBasinTests.csproj", "{938CAF98-6230-4121-95B6-A9F41AEE0815}"
EndProject
Global
	GlobalSection(SolutionConfigurationPlatforms) = preSolution
		Debug|Any CPU = Debug|Any CPU
		Release|Any CPU = Release|Any CPU
	EndGlobalSection
	GlobalSection(ProjectConfigurationPlatforms) = postSolution
		{D0092027-0850-4CBB-AD66-48608D71AE9F}.Debug|Any CPU.ActiveCfg = Debug|Any CPU
		{D0092027-0850-4CBB-AD66-48608D71AE9F}.Debug|Any CPU.Build.0 = Debug|Any CPU
		{D0092027-0850-4CBB-AD66-48608D71AE9F}.Release|Any CPU.ActiveCfg = Release|Any CPU
		{D0092027-0850-4CBB-AD66-48608D71AE9F}.Release|Any CPU.Build.0 = Release|Any CPU
		{938CAF98-6230-4121-95B6-A9F41AEE0815}.Debug|Any CPU.ActiveCfg = Debug|Any CPU
		{938CAF98-6230-4121-95B6-A9F41AEE0815}.Debug|Any CPU.Build.0 = Debug|Any CPU
		{938CAF98-6230-4121-95B6-A9F41AEE0815}.Release|Any CPU.ActiveCfg = Release|Any CPU
		{938CAF98-6230-4121-95B6-A9F41AEE0815}.Release|Any CPU.Build.0 = Release|Any CPU
	EndGlobalSection
	GlobalSection(SolutionProperties) = preSolution
		HideSolutionNode = FALSE
	EndGlobalSection
	GlobalSection(ExtensibilityGlobals) = postSolution
		SolutionGuid = {F7B91841-78E1-43FB-A23A-C3F5D483E7DA}
	EndGlobalSection
EndGlobal
